# THIS IS AN AUTOGENERATED FILE. DO NOT EDIT THIS FILE DIRECTLY.
# yarn lockfile v1


"@types/estree@*":
  version "0.0.42"
  resolved "http://npm-registry.qunhequnhe.com/@types/estree/download/@types/estree-0.0.42.tgz#8d0c1f480339efedb3e46070e22dd63e0430dd11"
  integrity sha1-jQwfSAM57+2z5GBw4i3WPgQw3RE=

"@types/node@*":
  version "13.7.7"
  resolved "http://npm-registry.qunhequnhe.com/@types/node/download/@types/node-13.7.7.tgz#1628e6461ba8cc9b53196dfeaeec7b07fa6eea99"
  integrity sha1-FijmRhuozJtTGW3+rux7B/pu6pk=

acorn@^7.1.0:
  version "7.1.1"
  resolved "http://npm-registry.qunhequnhe.com/acorn/download/acorn-7.1.1.tgz#e35668de0b402f359de515c5482a1ab9f89a69bf"
  integrity sha1-41Zo3gtALzWd5RXFSCoaufiaab8=

rollup@^1.32.0:
  version "1.32.0"
  resolved "http://npm-registry.qunhequnhe.com/rollup/download/rollup-1.32.0.tgz#c65ce134850aca1ce595fcac07d1dc5d53bf227c"
  integrity sha1-xlzhNIUKyhzllfysB9HcXVO/Inw=
  dependencies:
    "@types/estree" "*"
    "@types/node" "*"
    acorn "^7.1.0"
